
Microsoft Visual Studio Solution File, Format Version 12.00
# Visual Studio Version 16
VisualStudioVersion = 16.0.31402.337
MinimumVisualStudioVersion = 10.0.40219.1
Project("{9A19103F-16F7-4668-BE54-9A1E7A4F7556}") = "MDH.Linq.Extensions", "MDH.Abp.EfCore.Extensions\MDH.Linq.Extensions.csproj", "{3BF00C46-2174-400D-8DE3-C9A7B5CD0C6B}"
EndProject
Global
	GlobalSection(SolutionConfigurationPlatforms) = preSolution
		Debug|Any CPU = Debug|Any CPU
		Release|Any CPU = Release|Any CPU
	EndGlobalSection
	GlobalSection(ProjectConfigurationPlatforms) = postSolution
		{3BF00C46-2174-400D-8DE3-C9A7B5CD0C6B}.Debug|Any CPU.ActiveCfg = Debug|Any CPU
		{3BF00C46-2174-400D-8DE3-C9A7B5CD0C6B}.Debug|Any CPU.Build.0 = Debug|Any CPU
		{3BF00C46-2174-400D-8DE3-C9A7B5CD0C6B}.Release|Any CPU.ActiveCfg = Release|Any CPU
		{3BF00C46-2174-400D-8DE3-C9A7B5CD0C6B}.Release|Any CPU.Build.0 = Release|Any CPU
	EndGlobalSection
	GlobalSection(SolutionProperties) = preSolution
		HideSolutionNode = FALSE
	EndGlobalSection
	GlobalSection(ExtensibilityGlobals) = postSolution
		SolutionGuid = {B1762D32-3631-47A7-88CD-96F8F0FCBEC3}
	EndGlobalSection
EndGlobal
