
Microsoft Visual Studio Solution File, Format Version 12.00
# Visual Studio Version 16
VisualStudioVersion = 16.0.31402.337
MinimumVisualStudioVersion = 10.0.40219.1
Project("{FAE04EC0-301F-11D3-BF4B-00C04F79EFBC}") = "MDH.Abp.EfCore.Extensions", "MDH.Abp.EfCore.Extensions\MDH.Abp.EfCore.Extensions.csproj", "{0F77046A-C0D4-4335-BB8B-824F67FBB22F}"
EndProject
Global
	GlobalSection(SolutionConfigurationPlatforms) = preSolution
		Debug|Any CPU = Debug|Any CPU
		Release|Any CPU = Release|Any CPU
	EndGlobalSection
	GlobalSection(ProjectConfigurationPlatforms) = postSolution
		{0F77046A-C0D4-4335-BB8B-824F67FBB22F}.Debug|Any CPU.ActiveCfg = Debug|Any CPU
		{0F77046A-C0D4-4335-BB8B-824F67FBB22F}.Debug|Any CPU.Build.0 = Debug|Any CPU
		{0F77046A-C0D4-4335-BB8B-824F67FBB22F}.Release|Any CPU.ActiveCfg = Release|Any CPU
		{0F77046A-C0D4-4335-BB8B-824F67FBB22F}.Release|Any CPU.Build.0 = Release|Any CPU
	EndGlobalSection
	GlobalSection(SolutionProperties) = preSolution
		HideSolutionNode = FALSE
	EndGlobalSection
	GlobalSection(ExtensibilityGlobals) = postSolution
		SolutionGuid = {B1762D32-3631-47A7-88CD-96F8F0FCBEC3}
	EndGlobalSection
EndGlobal
